// !$*UTF8*$!
{
	archiveVersion = 1;
	classes = {
	};
	objectVersion = 46;
	objects = {

/* Begin PBXBuildFile section */
		4387FEB5B2B58616C5120556 /* libPods-wallpaper-elf.a in Frameworks */ = {isa = PBXBuildFile; fileRef = 27DB11C8B64B56CF10C2E2B7 /* libPods-wallpaper-elf.a */; };
		8AA663B1A78FCF5D22EB6957 /* libPods-wallpaper-elfUITests.a in Frameworks */ = {isa = PBXBuildFile; fileRef = ACC541161B6906E0474B7396 /* libPods-wallpaper-elfUITests.a */; };
		B161E63E45664FDAEBBA8D88 /* libPods-wallpaper-elfTests.a in Frameworks */ = {isa = PBXBuildFile; fileRef = 236CB7F8E23F83230BCF342E /* libPods-wallpaper-elfTests.a */; };
		D8DAD44F1D3351A4009DDEBC /* AppDelegate.m in Sources */ = {isa = PBXBuildFile; fileRef = D8DAD44E1D3351A4009DDEBC /* AppDelegate.m */; };
		D8DAD4521D3351A4009DDEBC /* ViewController.m in Sources */ = {isa = PBXBuildFile; fileRef = D8DAD4511D3351A4009DDEBC /* ViewController.m */; };
		D8DAD4551D3351A4009DDEBC /* Main.storyboard in Resources */ = {isa = PBXBuildFile; fileRef = D8DAD4531D3351A4009DDEBC /* Main.storyboard */; };
		D8DAD4571D3351A4009DDEBC /* Assets.xcassets in Resources */ = {isa = PBXBuildFile; fileRef = D8DAD4561D3351A4009DDEBC /* Assets.xcassets */; };
		D8DAD45A1D3351A4009DDEBC /* LaunchScreen.storyboard in Resources */ = {isa = PBXBuildFile; fileRef = D8DAD4581D3351A4009DDEBC /* LaunchScreen.storyboard */; };
		D8DAD4651D3351A4009DDEBC /* wallpaper_elfTests.m in Sources */ = {isa = PBXBuildFile; fileRef = D8DAD4641D3351A4009DDEBC /* wallpaper_elfTests.m */; };
		D8DAD4701D3351A4009DDEBC /* wallpaper_elfUITests.m in Sources */ = {isa = PBXBuildFile; fileRef = D8DAD46F1D3351A4009DDEBC /* wallpaper_elfUITests.m */; };
		D8DAD47F1D338C2D009DDEBC /* main.m in Sources */ = {isa = PBXBuildFile; fileRef = D8DAD47E1D338C2D009DDEBC /* main.m */; };
		D8DAD4BF1D364531009DDEBC /* MERBoolHelper.m in Sources */ = {isa = PBXBuildFile; fileRef = D8DAD4BC1D364531009DDEBC /* MERBoolHelper.m */; };
		D8DAD4C01D364531009DDEBC /* MERUICreator.m in Sources */ = {isa = PBXBuildFile; fileRef = D8DAD4BE1D364531009DDEBC /* MERUICreator.m */; };
/* End PBXBuildFile section */

/* Begin PBXContainerItemProxy section */
		D8DAD4611D3351A4009DDEBC /* PBXContainerItemProxy */ = {
			isa = PBXContainerItemProxy;
			containerPortal = D8DAD43F1D3351A4009DDEBC /* Project object */;
			proxyType = 1;
			remoteGlobalIDString = D8DAD4461D3351A4009DDEBC;
			remoteInfo = "wallpaper-elf";
		};
		D8DAD46C1D3351A4009DDEBC /* PBXContainerItemProxy */ = {
			isa = PBXContainerItemProxy;
			containerPortal = D8DAD43F1D3351A4009DDEBC /* Project object */;
			proxyType = 1;
			remoteGlobalIDString = D8DAD4461D3351A4009DDEBC;
			remoteInfo = "wallpaper-elf";
		};
/* End PBXContainerItemProxy section */

/* Begin PBXFileReference section */
		236CB7F8E23F83230BCF342E /* libPods-wallpaper-elfTests.a */ = {isa = PBXFileReference; explicitFileType = archive.ar; includeInIndex = 0; path = "libPods-wallpaper-elfTests.a"; sourceTree = BUILT_PRODUCTS_DIR; };
		27DB11C8B64B56CF10C2E2B7 /* libPods-wallpaper-elf.a */ = {isa = PBXFileReference; explicitFileType = archive.ar; includeInIndex = 0; path = "libPods-wallpaper-elf.a"; sourceTree = BUILT_PRODUCTS_DIR; };
		30C3E80DB95B9EAAFD448F03 /* Pods-wallpaper-elf.release.xcconfig */ = {isa = PBXFileReference; includeInIndex = 1; lastKnownFileType = text.xcconfig; name = "Pods-wallpaper-elf.release.xcconfig"; path = "Pods/Target Support Files/Pods-wallpaper-elf/Pods-wallpaper-elf.release.xcconfig"; sourceTree = "<group>"; };
		4A3AB2DE2E91D9B1B977D13A /* Pods-wallpaper-elf.debug.xcconfig */ = {isa = PBXFileReference; includeInIndex = 1; lastKnownFileType = text.xcconfig; name = "Pods-wallpaper-elf.debug.xcconfig"; path = "Pods/Target Support Files/Pods-wallpaper-elf/Pods-wallpaper-elf.debug.xcconfig"; sourceTree = "<group>"; };
		5A5F7675885E692E1035C8A2 /* Pods-wallpaper-elfTests.debug.xcconfig */ = {isa = PBXFileReference; includeInIndex = 1; lastKnownFileType = text.xcconfig; name = "Pods-wallpaper-elfTests.debug.xcconfig"; path = "Pods/Target Support Files/Pods-wallpaper-elfTests/Pods-wallpaper-elfTests.debug.xcconfig"; sourceTree = "<group>"; };
		9465855C1DD5414583A616A7 /* Pods-wallpaper-elfUITests.debug.xcconfig */ = {isa = PBXFileReference; includeInIndex = 1; lastKnownFileType = text.xcconfig; name = "Pods-wallpaper-elfUITests.debug.xcconfig"; path = "Pods/Target Support Files/Pods-wallpaper-elfUITests/Pods-wallpaper-elfUITests.debug.xcconfig"; sourceTree = "<group>"; };
		A7345C1E510957DBE10AFAF1 /* Pods-wallpaper-elfTests.release.xcconfig */ = {isa = PBXFileReference; includeInIndex = 1; lastKnownFileType = text.xcconfig; name = "Pods-wallpaper-elfTests.release.xcconfig"; path = "Pods/Target Support Files/Pods-wallpaper-elfTests/Pods-wallpaper-elfTests.release.xcconfig"; sourceTree = "<group>"; };
		ACC541161B6906E0474B7396 /* libPods-wallpaper-elfUITests.a */ = {isa = PBXFileReference; explicitFileType = archive.ar; includeInIndex = 0; path = "libPods-wallpaper-elfUITests.a"; sourceTree = BUILT_PRODUCTS_DIR; };
		D8DAD4471D3351A4009DDEBC /* wallpaper-elf.app */ = {isa = PBXFileReference; explicitFileType = wrapper.application; includeInIndex = 0; path = "wallpaper-elf.app"; sourceTree = BUILT_PRODUCTS_DIR; };
		D8DAD44D1D3351A4009DDEBC /* AppDelegate.h */ = {isa = PBXFileReference; lastKnownFileType = sourcecode.c.h; path = AppDelegate.h; sourceTree = "<group>"; };
		D8DAD44E1D3351A4009DDEBC /* AppDelegate.m */ = {isa = PBXFileReference; lastKnownFileType = sourcecode.c.objc; path = AppDelegate.m; sourceTree = "<group>"; };
		D8DAD4501D3351A4009DDEBC /* ViewController.h */ = {isa = PBXFileReference; lastKnownFileType = sourcecode.c.h; path = ViewController.h; sourceTree = "<group>"; };
		D8DAD4511D3351A4009DDEBC /* ViewController.m */ = {isa = PBXFileReference; lastKnownFileType = sourcecode.c.objc; path = ViewController.m; sourceTree = "<group>"; };
		D8DAD4541D3351A4009DDEBC /* Base */ = {isa = PBXFileReference; lastKnownFileType = file.storyboard; name = Base; path = Base.lproj/Main.storyboard; sourceTree = "<group>"; };
		D8DAD4561D3351A4009DDEBC /* Assets.xcassets */ = {isa = PBXFileReference; lastKnownFileType = folder.assetcatalog; path = Assets.xcassets; sourceTree = "<group>"; };
		D8DAD4591D3351A4009DDEBC /* Base */ = {isa = PBXFileReference; lastKnownFileType = file.storyboard; name = Base; path = Base.lproj/LaunchScreen.storyboard; sourceTree = "<group>"; };
		D8DAD45B1D3351A4009DDEBC /* Info.plist */ = {isa = PBXFileReference; lastKnownFileType = text.plist.xml; path = Info.plist; sourceTree = "<group>"; };
		D8DAD4601D3351A4009DDEBC /* wallpaper-elfTests.xctest */ = {isa = PBXFileReference; explicitFileType = wrapper.cfbundle; includeInIndex = 0; path = "wallpaper-elfTests.xctest"; sourceTree = BUILT_PRODUCTS_DIR; };
		D8DAD4641D3351A4009DDEBC /* wallpaper_elfTests.m */ = {isa = PBXFileReference; lastKnownFileType = sourcecode.c.objc; path = wallpaper_elfTests.m; sourceTree = "<group>"; };
		D8DAD4661D3351A4009DDEBC /* Info.plist */ = {isa = PBXFileReference; lastKnownFileType = text.plist.xml; path = Info.plist; sourceTree = "<group>"; };
		D8DAD46B1D3351A4009DDEBC /* wallpaper-elfUITests.xctest */ = {isa = PBXFileReference; explicitFileType = wrapper.cfbundle; includeInIndex = 0; path = "wallpaper-elfUITests.xctest"; sourceTree = BUILT_PRODUCTS_DIR; };
		D8DAD46F1D3351A4009DDEBC /* wallpaper_elfUITests.m */ = {isa = PBXFileReference; lastKnownFileType = sourcecode.c.objc; path = wallpaper_elfUITests.m; sourceTree = "<group>"; };
		D8DAD4711D3351A4009DDEBC /* Info.plist */ = {isa = PBXFileReference; lastKnownFileType = text.plist.xml; path = Info.plist; sourceTree = "<group>"; };
		D8DAD47D1D338C1E009DDEBC /* wallpaper-elf.pch */ = {isa = PBXFileReference; lastKnownFileType = sourcecode.c.h; name = "wallpaper-elf.pch"; path = "SupportingFiles/wallpaper-elf.pch"; sourceTree = "<group>"; };
		D8DAD47E1D338C2D009DDEBC /* main.m */ = {isa = PBXFileReference; fileEncoding = 4; lastKnownFileType = sourcecode.c.objc; name = main.m; path = SupportingFiles/main.m; sourceTree = "<group>"; };
		D8DAD4B71D364525009DDEBC /* Colors.h */ = {isa = PBXFileReference; fileEncoding = 4; lastKnownFileType = sourcecode.c.h; path = Colors.h; sourceTree = "<group>"; };
		D8DAD4B81D364525009DDEBC /* Constants.h */ = {isa = PBXFileReference; fileEncoding = 4; lastKnownFileType = sourcecode.c.h; path = Constants.h; sourceTree = "<group>"; };
		D8DAD4B91D364525009DDEBC /* NotificationNames.h */ = {isa = PBXFileReference; fileEncoding = 4; lastKnownFileType = sourcecode.c.h; path = NotificationNames.h; sourceTree = "<group>"; };
		D8DAD4BB1D364531009DDEBC /* MERBoolHelper.h */ = {isa = PBXFileReference; fileEncoding = 4; lastKnownFileType = sourcecode.c.h; path = MERBoolHelper.h; sourceTree = "<group>"; };
		D8DAD4BC1D364531009DDEBC /* MERBoolHelper.m */ = {isa = PBXFileReference; fileEncoding = 4; lastKnownFileType = sourcecode.c.objc; path = MERBoolHelper.m; sourceTree = "<group>"; };
		D8DAD4BD1D364531009DDEBC /* MERUICreator.h */ = {isa = PBXFileReference; fileEncoding = 4; lastKnownFileType = sourcecode.c.h; path = MERUICreator.h; sourceTree = "<group>"; };
		D8DAD4BE1D364531009DDEBC /* MERUICreator.m */ = {isa = PBXFileReference; fileEncoding = 4; lastKnownFileType = sourcecode.c.objc; path = MERUICreator.m; sourceTree = "<group>"; };
		F488B6D3720520339B9A7B85 /* Pods-wallpaper-elfUITests.release.xcconfig */ = {isa = PBXFileReference; includeInIndex = 1; lastKnownFileType = text.xcconfig; name = "Pods-wallpaper-elfUITests.release.xcconfig"; path = "Pods/Target Support Files/Pods-wallpaper-elfUITests/Pods-wallpaper-elfUITests.release.xcconfig"; sourceTree = "<group>"; };
/* End PBXFileReference section */

/* Begin PBXFrameworksBuildPhase section */
		D8DAD4441D3351A4009DDEBC /* Frameworks */ = {
			isa = PBXFrameworksBuildPhase;
			buildActionMask = 2147483647;
			files = (
				4387FEB5B2B58616C5120556 /* libPods-wallpaper-elf.a in Frameworks */,
			);
			runOnlyForDeploymentPostprocessing = 0;
		};
		D8DAD45D1D3351A4009DDEBC /* Frameworks */ = {
			isa = PBXFrameworksBuildPhase;
			buildActionMask = 2147483647;
			files = (
				B161E63E45664FDAEBBA8D88 /* libPods-wallpaper-elfTests.a in Frameworks */,
			);
			runOnlyForDeploymentPostprocessing = 0;
		};
		D8DAD4681D3351A4009DDEBC /* Frameworks */ = {
			isa = PBXFrameworksBuildPhase;
			buildActionMask = 2147483647;
			files = (
				8AA663B1A78FCF5D22EB6957 /* libPods-wallpaper-elfUITests.a in Frameworks */,
			);
			runOnlyForDeploymentPostprocessing = 0;
		};
/* End PBXFrameworksBuildPhase section */

/* Begin PBXGroup section */
		1FB37F51A3160E9EE34466A0 /* Frameworks */ = {
			isa = PBXGroup;
			children = (
				27DB11C8B64B56CF10C2E2B7 /* libPods-wallpaper-elf.a */,
				236CB7F8E23F83230BCF342E /* libPods-wallpaper-elfTests.a */,
				ACC541161B6906E0474B7396 /* libPods-wallpaper-elfUITests.a */,
			);
			name = Frameworks;
			sourceTree = "<group>";
		};
		D8DAD43E1D3351A4009DDEBC = {
			isa = PBXGroup;
			children = (
				D8DAD4491D3351A4009DDEBC /* wallpaper-elf */,
				D8DAD4631D3351A4009DDEBC /* wallpaper-elfTests */,
				D8DAD46E1D3351A4009DDEBC /* wallpaper-elfUITests */,
				D8DAD4481D3351A4009DDEBC /* Products */,
				FFF66519F2F992B55C6F0A95 /* Pods */,
				1FB37F51A3160E9EE34466A0 /* Frameworks */,
			);
			sourceTree = "<group>";
		};
		D8DAD4481D3351A4009DDEBC /* Products */ = {
			isa = PBXGroup;
			children = (
				D8DAD4471D3351A4009DDEBC /* wallpaper-elf.app */,
				D8DAD4601D3351A4009DDEBC /* wallpaper-elfTests.xctest */,
				D8DAD46B1D3351A4009DDEBC /* wallpaper-elfUITests.xctest */,
			);
			name = Products;
			sourceTree = "<group>";
		};
		D8DAD4491D3351A4009DDEBC /* wallpaper-elf */ = {
			isa = PBXGroup;
			children = (
				D8DAD4811D339053009DDEBC /* Common */,
				D8DAD44D1D3351A4009DDEBC /* AppDelegate.h */,
				D8DAD44E1D3351A4009DDEBC /* AppDelegate.m */,
				D8DAD4501D3351A4009DDEBC /* ViewController.h */,
				D8DAD4511D3351A4009DDEBC /* ViewController.m */,
				D8DAD4531D3351A4009DDEBC /* Main.storyboard */,
				D8DAD4561D3351A4009DDEBC /* Assets.xcassets */,
				D8DAD4581D3351A4009DDEBC /* LaunchScreen.storyboard */,
				D8DAD44A1D3351A4009DDEBC /* Supporting Files */,
			);
			path = "wallpaper-elf";
			sourceTree = "<group>";
		};
		D8DAD44A1D3351A4009DDEBC /* Supporting Files */ = {
			isa = PBXGroup;
			children = (
				D8DAD45B1D3351A4009DDEBC /* Info.plist */,
				D8DAD47E1D338C2D009DDEBC /* main.m */,
				D8DAD47D1D338C1E009DDEBC /* wallpaper-elf.pch */,
			);
			name = "Supporting Files";
			sourceTree = "<group>";
		};
		D8DAD4631D3351A4009DDEBC /* wallpaper-elfTests */ = {
			isa = PBXGroup;
			children = (
				D8DAD4641D3351A4009DDEBC /* wallpaper_elfTests.m */,
				D8DAD4661D3351A4009DDEBC /* Info.plist */,
			);
			path = "wallpaper-elfTests";
			sourceTree = "<group>";
		};
		D8DAD46E1D3351A4009DDEBC /* wallpaper-elfUITests */ = {
			isa = PBXGroup;
			children = (
				D8DAD46F1D3351A4009DDEBC /* wallpaper_elfUITests.m */,
				D8DAD4711D3351A4009DDEBC /* Info.plist */,
			);
			path = "wallpaper-elfUITests";
			sourceTree = "<group>";
		};
		D8DAD4811D339053009DDEBC /* Common */ = {
			isa = PBXGroup;
			children = (
				D8DAD4BA1D364531009DDEBC /* 工具类 */,
				D8DAD4B61D364525009DDEBC /* Constents */,
			);
			name = Common;
			sourceTree = "<group>";
		};
		D8DAD4B61D364525009DDEBC /* Constents */ = {
			isa = PBXGroup;
			children = (
				D8DAD4B71D364525009DDEBC /* Colors.h */,
				D8DAD4B81D364525009DDEBC /* Constants.h */,
				D8DAD4B91D364525009DDEBC /* NotificationNames.h */,
			);
			name = Constents;
			path = Common/Constents;
			sourceTree = "<group>";
		};
		D8DAD4BA1D364531009DDEBC /* 工具类 */ = {
			isa = PBXGroup;
			children = (
				D8DAD4BB1D364531009DDEBC /* MERBoolHelper.h */,
				D8DAD4BC1D364531009DDEBC /* MERBoolHelper.m */,
				D8DAD4BD1D364531009DDEBC /* MERUICreator.h */,
				D8DAD4BE1D364531009DDEBC /* MERUICreator.m */,
			);
			name = "工具类";
			path = "Common/工具类";
			sourceTree = "<group>";
		};
		FFF66519F2F992B55C6F0A95 /* Pods */ = {
			isa = PBXGroup;
			children = (
				4A3AB2DE2E91D9B1B977D13A /* Pods-wallpaper-elf.debug.xcconfig */,
				30C3E80DB95B9EAAFD448F03 /* Pods-wallpaper-elf.release.xcconfig */,
				5A5F7675885E692E1035C8A2 /* Pods-wallpaper-elfTests.debug.xcconfig */,
				A7345C1E510957DBE10AFAF1 /* Pods-wallpaper-elfTests.release.xcconfig */,
				9465855C1DD5414583A616A7 /* Pods-wallpaper-elfUITests.debug.xcconfig */,
				F488B6D3720520339B9A7B85 /* Pods-wallpaper-elfUITests.release.xcconfig */,
			);
			name = Pods;
			sourceTree = "<group>";
		};
/* End PBXGroup section */

/* Begin PBXNativeTarget section */
		D8DAD4461D3351A4009DDEBC /* wallpaper-elf */ = {
			isa = PBXNativeTarget;
			buildConfigurationList = D8DAD4741D3351A4009DDEBC /* Build configuration list for PBXNativeTarget "wallpaper-elf" */;
			buildPhases = (
				3DEDCF0BAF2C9CFE5AB6C8FC /* [CP] Check Pods Manifest.lock */,
				D8DAD4431D3351A4009DDEBC /* Sources */,
				D8DAD4441D3351A4009DDEBC /* Frameworks */,
				D8DAD4451D3351A4009DDEBC /* Resources */,
				FE9A118EFB1C56400A85CF29 /* [CP] Embed Pods Frameworks */,
				C3983F091C408C2DECB88ACC /* [CP] Copy Pods Resources */,
			);
			buildRules = (
			);
			dependencies = (
			);
			name = "wallpaper-elf";
			productName = "wallpaper-elf";
			productReference = D8DAD4471D3351A4009DDEBC /* wallpaper-elf.app */;
			productType = "com.apple.product-type.application";
		};
		D8DAD45F1D3351A4009DDEBC /* wallpaper-elfTests */ = {
			isa = PBXNativeTarget;
			buildConfigurationList = D8DAD4771D3351A4009DDEBC /* Build configuration list for PBXNativeTarget "wallpaper-elfTests" */;
			buildPhases = (
				838EEAA5EC08BE134C9EF478 /* [CP] Check Pods Manifest.lock */,
				D8DAD45C1D3351A4009DDEBC /* Sources */,
				D8DAD45D1D3351A4009DDEBC /* Frameworks */,
				D8DAD45E1D3351A4009DDEBC /* Resources */,
				BFD3F2689650FD0501CFFCFB /* [CP] Embed Pods Frameworks */,
				2D219AE4BACE644D139AFB4D /* [CP] Copy Pods Resources */,
			);
			buildRules = (
			);
			dependencies = (
				D8DAD4621D3351A4009DDEBC /* PBXTargetDependency */,
			);
			name = "wallpaper-elfTests";
			productName = "wallpaper-elfTests";
			productReference = D8DAD4601D3351A4009DDEBC /* wallpaper-elfTests.xctest */;
			productType = "com.apple.product-type.bundle.unit-test";
		};
		D8DAD46A1D3351A4009DDEBC /* wallpaper-elfUITests */ = {
			isa = PBXNativeTarget;
			buildConfigurationList = D8DAD47A1D3351A4009DDEBC /* Build configuration list for PBXNativeTarget "wallpaper-elfUITests" */;
			buildPhases = (
				5B9D68A7E8E16E9414895AB2 /* [CP] Check Pods Manifest.lock */,
				D8DAD4671D3351A4009DDEBC /* Sources */,
				D8DAD4681D3351A4009DDEBC /* Frameworks */,
				D8DAD4691D3351A4009DDEBC /* Resources */,
				5CDF5A77D30C35C438F95907 /* [CP] Copy Pods Resources */,
			);
			buildRules = (
			);
			dependencies = (
				D8DAD46D1D3351A4009DDEBC /* PBXTargetDependency */,
			);
			name = "wallpaper-elfUITests";
			productName = "wallpaper-elfUITests";
			productReference = D8DAD46B1D3351A4009DDEBC /* wallpaper-elfUITests.xctest */;
			productType = "com.apple.product-type.bundle.ui-testing";
		};
/* End PBXNativeTarget section */

/* Begin PBXProject section */
		D8DAD43F1D3351A4009DDEBC /* Project object */ = {
			isa = PBXProject;
			attributes = {
				LastUpgradeCheck = 0730;
				ORGANIZATIONNAME = mervin;
				TargetAttributes = {
					D8DAD4461D3351A4009DDEBC = {
						CreatedOnToolsVersion = 7.3.1;
					};
					D8DAD45F1D3351A4009DDEBC = {
						CreatedOnToolsVersion = 7.3.1;
						TestTargetID = D8DAD4461D3351A4009DDEBC;
					};
					D8DAD46A1D3351A4009DDEBC = {
						CreatedOnToolsVersion = 7.3.1;
						TestTargetID = D8DAD4461D3351A4009DDEBC;
					};
				};
			};
			buildConfigurationList = D8DAD4421D3351A4009DDEBC /* Build configuration list for PBXProject "wallpaper-elf" */;
			compatibilityVersion = "Xcode 3.2";
			developmentRegion = English;
			hasScannedForEncodings = 0;
			knownRegions = (
				en,
				Base,
			);
			mainGroup = D8DAD43E1D3351A4009DDEBC;
			productRefGroup = D8DAD4481D3351A4009DDEBC /* Products */;
			projectDirPath = "";
			projectRoot = "";
			targets = (
				D8DAD4461D3351A4009DDEBC /* wallpaper-elf */,
				D8DAD45F1D3351A4009DDEBC /* wallpaper-elfTests */,
				D8DAD46A1D3351A4009DDEBC /* wallpaper-elfUITests */,
			);
		};
/* End PBXProject section */

/* Begin PBXResourcesBuildPhase section */
		D8DAD4451D3351A4009DDEBC /* Resources */ = {
			isa = PBXResourcesBuildPhase;
			buildActionMask = 2147483647;
			files = (
				D8DAD45A1D3351A4009DDEBC /* LaunchScreen.storyboard in Resources */,
				D8DAD4571D3351A4009DDEBC /* Assets.xcassets in Resources */,
				D8DAD4551D3351A4009DDEBC /* Main.storyboard in Resources */,
			);
			runOnlyForDeploymentPostprocessing = 0;
		};
		D8DAD45E1D3351A4009DDEBC /* Resources */ = {
			isa = PBXResourcesBuildPhase;
			buildActionMask = 2147483647;
			files = (
			);
			runOnlyForDeploymentPostprocessing = 0;
		};
		D8DAD4691D3351A4009DDEBC /* Resources */ = {
			isa = PBXResourcesBuildPhase;
			buildActionMask = 2147483647;
			files = (
			);
			runOnlyForDeploymentPostprocessing = 0;
		};
/* End PBXResourcesBuildPhase section */

/* Begin PBXShellScriptBuildPhase section */
		2D219AE4BACE644D139AFB4D /* [CP] Copy Pods Resources */ = {
			isa = PBXShellScriptBuildPhase;
			buildActionMask = 2147483647;
			files = (
			);
			inputPaths = (
			);
			name = "[CP] Copy Pods Resources";
			outputPaths = (
			);
			runOnlyForDeploymentPostprocessing = 0;
			shellPath = /bin/sh;
			shellScript = "\"${SRCROOT}/Pods/Target Support Files/Pods-wallpaper-elfTests/Pods-wallpaper-elfTests-resources.sh\"\n";
			showEnvVarsInLog = 0;
		};
		3DEDCF0BAF2C9CFE5AB6C8FC /* [CP] Check Pods Manifest.lock */ = {
			isa = PBXShellScriptBuildPhase;
			buildActionMask = 2147483647;
			files = (
			);
			inputPaths = (
			);
			name = "[CP] Check Pods Manifest.lock";
			outputPaths = (
			);
			runOnlyForDeploymentPostprocessing = 0;
			shellPath = /bin/sh;
			shellScript = "diff \"${PODS_ROOT}/../Podfile.lock\" \"${PODS_ROOT}/Manifest.lock\" > /dev/null\nif [[ $? != 0 ]] ; then\n    cat << EOM\nerror: The sandbox is not in sync with the Podfile.lock. Run 'pod install' or update your CocoaPods installation.\nEOM\n    exit 1\nfi\n";
			showEnvVarsInLog = 0;
		};
		5B9D68A7E8E16E9414895AB2 /* [CP] Check Pods Manifest.lock */ = {
			isa = PBXShellScriptBuildPhase;
			buildActionMask = 2147483647;
			files = (
			);
			inputPaths = (
			);
			name = "[CP] Check Pods Manifest.lock";
			outputPaths = (
			);
			runOnlyForDeploymentPostprocessing = 0;
			shellPath = /bin/sh;
			shellScript = "diff \"${PODS_ROOT}/../Podfile.lock\" \"${PODS_ROOT}/Manifest.lock\" > /dev/null\nif [[ $? != 0 ]] ; then\n    cat << EOM\nerror: The sandbox is not in sync with the Podfile.lock. Run 'pod install' or update your CocoaPods installation.\nEOM\n    exit 1\nfi\n";
			showEnvVarsInLog = 0;
		};
		5CDF5A77D30C35C438F95907 /* [CP] Copy Pods Resources */ = {
			isa = PBXShellScriptBuildPhase;
			buildActionMask = 2147483647;
			files = (
			);
			inputPaths = (
			);
			name = "[CP] Copy Pods Resources";
			outputPaths = (
			);
			runOnlyForDeploymentPostprocessing = 0;
			shellPath = /bin/sh;
			shellScript = "\"${SRCROOT}/Pods/Target Support Files/Pods-wallpaper-elfUITests/Pods-wallpaper-elfUITests-resources.sh\"\n";
			showEnvVarsInLog = 0;
		};
		838EEAA5EC08BE134C9EF478 /* [CP] Check Pods Manifest.lock */ = {
			isa = PBXShellScriptBuildPhase;
			buildActionMask = 2147483647;
			files = (
			);
			inputPaths = (
			);
			name = "[CP] Check Pods Manifest.lock";
			outputPaths = (
			);
			runOnlyForDeploymentPostprocessing = 0;
			shellPath = /bin/sh;
			shellScript = "diff \"${PODS_ROOT}/../Podfile.lock\" \"${PODS_ROOT}/Manifest.lock\" > /dev/null\nif [[ $? != 0 ]] ; then\n    cat << EOM\nerror: The sandbox is not in sync with the Podfile.lock. Run 'pod install' or update your CocoaPods installation.\nEOM\n    exit 1\nfi\n";
			showEnvVarsInLog = 0;
		};
		BFD3F2689650FD0501CFFCFB /* [CP] Embed Pods Frameworks */ = {
			isa = PBXShellScriptBuildPhase;
			buildActionMask = 2147483647;
			files = (
			);
			inputPaths = (
			);
			name = "[CP] Embed Pods Frameworks";
			outputPaths = (
			);
			runOnlyForDeploymentPostprocessing = 0;
			shellPath = /bin/sh;
			shellScript = "\"${SRCROOT}/Pods/Target Support Files/Pods-wallpaper-elfTests/Pods-wallpaper-elfTests-frameworks.sh\"\n";
			showEnvVarsInLog = 0;
		};
		C3983F091C408C2DECB88ACC /* [CP] Copy Pods Resources */ = {
			isa = PBXShellScriptBuildPhase;
			buildActionMask = 2147483647;
			files = (
			);
			inputPaths = (
			);
			name = "[CP] Copy Pods Resources";
			outputPaths = (
			);
			runOnlyForDeploymentPostprocessing = 0;
			shellPath = /bin/sh;
			shellScript = "\"${SRCROOT}/Pods/Target Support Files/Pods-wallpaper-elf/Pods-wallpaper-elf-resources.sh\"\n";
			showEnvVarsInLog = 0;
		};
		FE9A118EFB1C56400A85CF29 /* [CP] Embed Pods Frameworks */ = {
			isa = PBXShellScriptBuildPhase;
			buildActionMask = 2147483647;
			files = (
			);
			inputPaths = (
			);
			name = "[CP] Embed Pods Frameworks";
			outputPaths = (
			);
			runOnlyForDeploymentPostprocessing = 0;
			shellPath = /bin/sh;
			shellScript = "\"${SRCROOT}/Pods/Target Support Files/Pods-wallpaper-elf/Pods-wallpaper-elf-frameworks.sh\"\n";
			showEnvVarsInLog = 0;
		};
/* End PBXShellScriptBuildPhase section */

/* Begin PBXSourcesBuildPhase section */
		D8DAD4431D3351A4009DDEBC /* Sources */ = {
			isa = PBXSourcesBuildPhase;
			buildActionMask = 2147483647;
			files = (
				D8DAD4521D3351A4009DDEBC /* ViewController.m in Sources */,
				D8DAD44F1D3351A4009DDEBC /* AppDelegate.m in Sources */,
				D8DAD4BF1D364531009DDEBC /* MERBoolHelper.m in Sources */,
				D8DAD47F1D338C2D009DDEBC /* main.m in Sources */,
				D8DAD4C01D364531009DDEBC /* MERUICreator.m in Sources */,
			);
			runOnlyForDeploymentPostprocessing = 0;
		};
		D8DAD45C1D3351A4009DDEBC /* Sources */ = {
			isa = PBXSourcesBuildPhase;
			buildActionMask = 2147483647;
			files = (
				D8DAD4651D3351A4009DDEBC /* wallpaper_elfTests.m in Sources */,
			);
			runOnlyForDeploymentPostprocessing = 0;
		};
		D8DAD4671D3351A4009DDEBC /* Sources */ = {
			isa = PBXSourcesBuildPhase;
			buildActionMask = 2147483647;
			files = (
				D8DAD4701D3351A4009DDEBC /* wallpaper_elfUITests.m in Sources */,
			);
			runOnlyForDeploymentPostprocessing = 0;
		};
/* End PBXSourcesBuildPhase section */

/* Begin PBXTargetDependency section */
		D8DAD4621D3351A4009DDEBC /* PBXTargetDependency */ = {
			isa = PBXTargetDependency;
			target = D8DAD4461D3351A4009DDEBC /* wallpaper-elf */;
			targetProxy = D8DAD4611D3351A4009DDEBC /* PBXContainerItemProxy */;
		};
		D8DAD46D1D3351A4009DDEBC /* PBXTargetDependency */ = {
			isa = PBXTargetDependency;
			target = D8DAD4461D3351A4009DDEBC /* wallpaper-elf */;
			targetProxy = D8DAD46C1D3351A4009DDEBC /* PBXContainerItemProxy */;
		};
/* End PBXTargetDependency section */

/* Begin PBXVariantGroup section */
		D8DAD4531D3351A4009DDEBC /* Main.storyboard */ = {
			isa = PBXVariantGroup;
			children = (
				D8DAD4541D3351A4009DDEBC /* Base */,
			);
			name = Main.storyboard;
			sourceTree = "<group>";
		};
		D8DAD4581D3351A4009DDEBC /* LaunchScreen.storyboard */ = {
			isa = PBXVariantGroup;
			children = (
				D8DAD4591D3351A4009DDEBC /* Base */,
			);
			name = LaunchScreen.storyboard;
			sourceTree = "<group>";
		};
/* End PBXVariantGroup section */

/* Begin XCBuildConfiguration section */
		D8DAD4721D3351A4009DDEBC /* Debug */ = {
			isa = XCBuildConfiguration;
			buildSettings = {
				ALWAYS_SEARCH_USER_PATHS = NO;
				CLANG_ANALYZER_NONNULL = YES;
				CLANG_CXX_LANGUAGE_STANDARD = "gnu++0x";
				CLANG_CXX_LIBRARY = "libc++";
				CLANG_ENABLE_MODULES = YES;
				CLANG_ENABLE_OBJC_ARC = YES;
				CLANG_WARN_BOOL_CONVERSION = YES;
				CLANG_WARN_CONSTANT_CONVERSION = YES;
				CLANG_WARN_DIRECT_OBJC_ISA_USAGE = YES_ERROR;
				CLANG_WARN_EMPTY_BODY = YES;
				CLANG_WARN_ENUM_CONVERSION = YES;
				CLANG_WARN_INT_CONVERSION = YES;
				CLANG_WARN_OBJC_ROOT_CLASS = YES_ERROR;
				CLANG_WARN_UNREACHABLE_CODE = YES;
				CLANG_WARN__DUPLICATE_METHOD_MATCH = YES;
				"CODE_SIGN_IDENTITY[sdk=iphoneos*]" = "iPhone Developer";
				COPY_PHASE_STRIP = NO;
				DEBUG_INFORMATION_FORMAT = dwarf;
				ENABLE_STRICT_OBJC_MSGSEND = YES;
				ENABLE_TESTABILITY = YES;
				GCC_C_LANGUAGE_STANDARD = gnu99;
				GCC_DYNAMIC_NO_PIC = NO;
				GCC_NO_COMMON_BLOCKS = YES;
				GCC_OPTIMIZATION_LEVEL = 0;
				GCC_PREPROCESSOR_DEFINITIONS = (
					"DEBUG=1",
					"$(inherited)",
				);
				GCC_WARN_64_TO_32_BIT_CONVERSION = YES;
				GCC_WARN_ABOUT_RETURN_TYPE = YES_ERROR;
				GCC_WARN_UNDECLARED_SELECTOR = YES;
				GCC_WARN_UNINITIALIZED_AUTOS = YES_AGGRESSIVE;
				GCC_WARN_UNUSED_FUNCTION = YES;
				GCC_WARN_UNUSED_VARIABLE = YES;
				IPHONEOS_DEPLOYMENT_TARGET = 9.3;
				MTL_ENABLE_DEBUG_INFO = YES;
				ONLY_ACTIVE_ARCH = YES;
				SDKROOT = iphoneos;
				TARGETED_DEVICE_FAMILY = "1,2";
			};
			name = Debug;
		};
		D8DAD4731D3351A4009DDEBC /* Release */ = {
			isa = XCBuildConfiguration;
			buildSettings = {
				ALWAYS_SEARCH_USER_PATHS = NO;
				CLANG_ANALYZER_NONNULL = YES;
				CLANG_CXX_LANGUAGE_STANDARD = "gnu++0x";
				CLANG_CXX_LIBRARY = "libc++";
				CLANG_ENABLE_MODULES = YES;
				CLANG_ENABLE_OBJC_ARC = YES;
				CLANG_WARN_BOOL_CONVERSION = YES;
				CLANG_WARN_CONSTANT_CONVERSION = YES;
				CLANG_WARN_DIRECT_OBJC_ISA_USAGE = YES_ERROR;
				CLANG_WARN_EMPTY_BODY = YES;
				CLANG_WARN_ENUM_CONVERSION = YES;
				CLANG_WARN_INT_CONVERSION = YES;
				CLANG_WARN_OBJC_ROOT_CLASS = YES_ERROR;
				CLANG_WARN_UNREACHABLE_CODE = YES;
				CLANG_WARN__DUPLICATE_METHOD_MATCH = YES;
				"CODE_SIGN_IDENTITY[sdk=iphoneos*]" = "iPhone Developer";
				COPY_PHASE_STRIP = NO;
				DEBUG_INFORMATION_FORMAT = "dwarf-with-dsym";
				ENABLE_NS_ASSERTIONS = NO;
				ENABLE_STRICT_OBJC_MSGSEND = YES;
				GCC_C_LANGUAGE_STANDARD = gnu99;
				GCC_NO_COMMON_BLOCKS = YES;
				GCC_WARN_64_TO_32_BIT_CONVERSION = YES;
				GCC_WARN_ABOUT_RETURN_TYPE = YES_ERROR;
				GCC_WARN_UNDECLARED_SELECTOR = YES;
				GCC_WARN_UNINITIALIZED_AUTOS = YES_AGGRESSIVE;
				GCC_WARN_UNUSED_FUNCTION = YES;
				GCC_WARN_UNUSED_VARIABLE = YES;
				IPHONEOS_DEPLOYMENT_TARGET = 9.3;
				MTL_ENABLE_DEBUG_INFO = NO;
				SDKROOT = iphoneos;
				TARGETED_DEVICE_FAMILY = "1,2";
				VALIDATE_PRODUCT = YES;
			};
			name = Release;
		};
		D8DAD4751D3351A4009DDEBC /* Debug */ = {
			isa = XCBuildConfiguration;
			baseConfigurationReference = 4A3AB2DE2E91D9B1B977D13A /* Pods-wallpaper-elf.debug.xcconfig */;
			buildSettings = {
				ASSETCATALOG_COMPILER_APPICON_NAME = AppIcon;
				GCC_PREFIX_HEADER = "$(SRCROOT)/wallpaper-elf/SupportingFiles/wallpaper-elf.pch";
				INFOPLIST_FILE = "wallpaper-elf/Info.plist";
				LD_RUNPATH_SEARCH_PATHS = "$(inherited) @executable_path/Frameworks";
				PRODUCT_BUNDLE_IDENTIFIER = com.wallpaperelf.fabrication;
				PRODUCT_NAME = "$(TARGET_NAME)";
			};
			name = Debug;
		};
		D8DAD4761D3351A4009DDEBC /* Release */ = {
			isa = XCBuildConfiguration;
			baseConfigurationReference = 30C3E80DB95B9EAAFD448F03 /* Pods-wallpaper-elf.release.xcconfig */;
			buildSettings = {
				ASSETCATALOG_COMPILER_APPICON_NAME = AppIcon;
				GCC_PREFIX_HEADER = "$(SRCROOT)/wallpaper-elf/SupportingFiles/wallpaper-elf.pch";
				INFOPLIST_FILE = "wallpaper-elf/Info.plist";
				LD_RUNPATH_SEARCH_PATHS = "$(inherited) @executable_path/Frameworks";
				PRODUCT_BUNDLE_IDENTIFIER = com.wallpaperelf.fabrication;
				PRODUCT_NAME = "$(TARGET_NAME)";
			};
			name = Release;
		};
		D8DAD4781D3351A4009DDEBC /* Debug */ = {
			isa = XCBuildConfiguration;
			baseConfigurationReference = 5A5F7675885E692E1035C8A2 /* Pods-wallpaper-elfTests.debug.xcconfig */;
			buildSettings = {
				BUNDLE_LOADER = "$(TEST_HOST)";
				INFOPLIST_FILE = "wallpaper-elfTests/Info.plist";
				LD_RUNPATH_SEARCH_PATHS = "$(inherited) @executable_path/Frameworks @loader_path/Frameworks";
				PRODUCT_BUNDLE_IDENTIFIER = "com.wallpaperelf.fabrication.wallpaper-elfTests";
				PRODUCT_NAME = "$(TARGET_NAME)";
				TEST_HOST = "$(BUILT_PRODUCTS_DIR)/wallpaper-elf.app/wallpaper-elf";
			};
			name = Debug;
		};
		D8DAD4791D3351A4009DDEBC /* Release */ = {
			isa = XCBuildConfiguration;
			baseConfigurationReference = A7345C1E510957DBE10AFAF1 /* Pods-wallpaper-elfTests.release.xcconfig */;
			buildSettings = {
				BUNDLE_LOADER = "$(TEST_HOST)";
				INFOPLIST_FILE = "wallpaper-elfTests/Info.plist";
				LD_RUNPATH_SEARCH_PATHS = "$(inherited) @executable_path/Frameworks @loader_path/Frameworks";
				PRODUCT_BUNDLE_IDENTIFIER = "com.wallpaperelf.fabrication.wallpaper-elfTests";
				PRODUCT_NAME = "$(TARGET_NAME)";
				TEST_HOST = "$(BUILT_PRODUCTS_DIR)/wallpaper-elf.app/wallpaper-elf";
			};
			name = Release;
		};
		D8DAD47B1D3351A4009DDEBC /* Debug */ = {
			isa = XCBuildConfiguration;
			baseConfigurationReference = 9465855C1DD5414583A616A7 /* Pods-wallpaper-elfUITests.debug.xcconfig */;
			buildSettings = {
				INFOPLIST_FILE = "wallpaper-elfUITests/Info.plist";
				LD_RUNPATH_SEARCH_PATHS = "$(inherited) @executable_path/Frameworks @loader_path/Frameworks";
				PRODUCT_BUNDLE_IDENTIFIER = "com.wallpaperelf.fabrication.wallpaper-elfUITests";
				PRODUCT_NAME = "$(TARGET_NAME)";
				TEST_TARGET_NAME = "wallpaper-elf";
			};
			name = Debug;
		};
		D8DAD47C1D3351A4009DDEBC /* Release */ = {
			isa = XCBuildConfiguration;
			baseConfigurationReference = F488B6D3720520339B9A7B85 /* Pods-wallpaper-elfUITests.release.xcconfig */;
			buildSettings = {
				INFOPLIST_FILE = "wallpaper-elfUITests/Info.plist";
				LD_RUNPATH_SEARCH_PATHS = "$(inherited) @executable_path/Frameworks @loader_path/Frameworks";
				PRODUCT_BUNDLE_IDENTIFIER = "com.wallpaperelf.fabrication.wallpaper-elfUITests";
				PRODUCT_NAME = "$(TARGET_NAME)";
				TEST_TARGET_NAME = "wallpaper-elf";
			};
			name = Release;
		};
/* End XCBuildConfiguration section */

/* Begin XCConfigurationList section */
		D8DAD4421D3351A4009DDEBC /* Build configuration list for PBXProject "wallpaper-elf" */ = {
			isa = XCConfigurationList;
			buildConfigurations = (
				D8DAD4721D3351A4009DDEBC /* Debug */,
				D8DAD4731D3351A4009DDEBC /* Release */,
			);
			defaultConfigurationIsVisible = 0;
			defaultConfigurationName = Release;
		};
		D8DAD4741D3351A4009DDEBC /* Build configuration list for PBXNativeTarget "wallpaper-elf" */ = {
			isa = XCConfigurationList;
			buildConfigurations = (
				D8DAD4751D3351A4009DDEBC /* Debug */,
				D8DAD4761D3351A4009DDEBC /* Release */,
			);
			defaultConfigurationIsVisible = 0;
			defaultConfigurationName = Release;
		};
		D8DAD4771D3351A4009DDEBC /* Build configuration list for PBXNativeTarget "wallpaper-elfTests" */ = {
			isa = XCConfigurationList;
			buildConfigurations = (
				D8DAD4781D3351A4009DDEBC /* Debug */,
				D8DAD4791D3351A4009DDEBC /* Release */,
			);
			defaultConfigurationIsVisible = 0;
			defaultConfigurationName = Release;
		};
		D8DAD47A1D3351A4009DDEBC /* Build configuration list for PBXNativeTarget "wallpaper-elfUITests" */ = {
			isa = XCConfigurationList;
			buildConfigurations = (
				D8DAD47B1D3351A4009DDEBC /* Debug */,
				D8DAD47C1D3351A4009DDEBC /* Release */,
			);
			defaultConfigurationIsVisible = 0;
			defaultConfigurationName = Release;
		};
/* End XCConfigurationList section */
	};
	rootObject = D8DAD43F1D3351A4009DDEBC /* Project object */;
}
